<?xml version="1.0" encoding="utf-8"?>
<Project ToolsVersion="4.0" xmlns="http://schemas.microsoft.com/developer/msbuild/2003">
  <ItemGroup>
    <ClCompile Include="Render\Camera.cpp">
      <Filter>Render</Filter>
    </ClCompile>
    <ClCompile Include="Render\Render.cpp">
      <Filter>Render</Filter>
    </ClCompile>
    <ClCompile Include="RenderUtils.cpp" />
    <ClCompile Include="main.cpp" />
    <ClCompile Include="callbacks.cpp" />
    <ClCompile Include="Particle.cpp" />
    <ClCompile Include="Proyectil.cpp" />
    <ClCompile Include="Gun.cpp" />
    <ClCompile Include="ParticleSystem.cpp" />
    <ClCompile Include="ParticleGenerator.cpp" />
    <ClCompile Include="GaussianParticleGenerator.cpp" />
    <ClCompile Include="UniformParticleGenerator.cpp" />
    <ClCompile Include="Firework.cpp" />
    <ClCompile Include="FireworkGenerator.cpp" />
    <ClCompile Include="GravityForceGenerator.cpp" />
    <ClCompile Include="ParticleDragGenerator.cpp" />
    <ClCompile Include="WhirlwindGenerator.cpp" />
    <ClCompile Include="ExplosionGenerator.cpp" />
    <ClCompile Include="SpringForceGenerator.cpp" />
    <ClCompile Include="AnchoredSpring.cpp" />
    <ClCompile Include="ElasticBandGenerator.cpp" />
    <ClCompile Include="BuoyancyForceGenerator.cpp" />
    <ClCompile Include="SolidRigid.cpp" />
    <ClCompile Include="SolidRigidSystem.cpp" />
    <ClCompile Include="SolidRigidGenerator.cpp" />
    <ClCompile Include="UniformSolidRigidGenerator.cpp" />
    <ClCompile Include="GaussianSolidRigidGenerator.cpp" />
    <ClCompile Include="ExplosionSolidRigidGenerator.cpp" />
    <ClCompile Include="WhirlwindSolidRigidGenerator.cpp" />
    <ClCompile Include="SolidRigidDragGenerator.cpp" />
  </ItemGroup>
  <ItemGroup>
    <ClInclude Include="core.hpp" />
    <ClInclude Include="Render\Camera.h">
      <Filter>Render</Filter>
    </ClInclude>
    <ClInclude Include="Render\Render.h">
      <Filter>Render</Filter>
    </ClInclude>
    <ClInclude Include="RenderUtils.hpp" />
    <ClInclude Include="callbacks.hpp" />
    <ClInclude Include="Particle.h" />
    <ClInclude Include="Proyectil.h" />
    <ClInclude Include="Gun.h" />
    <ClInclude Include="ParticleSystem.h" />
    <ClInclude Include="ParticleGenerator.h" />
    <ClInclude Include="GaussianParticleGenerator.h" />
    <ClInclude Include="UniformParticleGenerator.h" />
    <ClInclude Include="Firework.h" />
    <ClInclude Include="FireworkGenerator.h" />
    <ClInclude Include="ForceGenerator.h" />
    <ClInclude Include="ParticleForceRegistry.h" />
    <ClInclude Include="GravityForceGenerator.h" />
    <ClInclude Include="ParticleDragGenerator.h" />
    <ClInclude Include="WhirlwindGenerator.h" />
    <ClInclude Include="ExplosionGenerator.h" />
    <ClInclude Include="SpringForceGenerator.h" />
    <ClInclude Include="AnchoredSpring.h" />
    <ClInclude Include="ElasticBandGenerator.h" />
    <ClInclude Include="BuoyancyForceGenerator.h" />
    <ClInclude Include="SolidRigid.h" />
    <ClInclude Include="SolidRigidSystem.h" />
    <ClInclude Include="SolidRigidGenerator.h" />
    <ClInclude Include="UniformSolidRigidGenerator.h" />
    <ClInclude Include="GaussianSolidRigidGenerator.h" />
    <ClInclude Include="ExplosionSolidRigidGenerator.h" />
    <ClInclude Include="SolidRigidForceRegistry.h" />
    <ClInclude Include="SolidRigidForceGenerator.h" />
    <ClInclude Include="WhirlwindSolidRigidGenerator.h" />
    <ClInclude Include="SolidRigidDragGenerator.h" />
  </ItemGroup>
  <ItemGroup>
    <Filter Include="Render">
      <UniqueIdentifier>{d04b4f9f-5a69-465e-8070-25c6d0bcd3c2}</UniqueIdentifier>
    </Filter>
  </ItemGroup>
</Project>